
Microsoft Visual Studio Solution File, Format Version 12.00
# Visual Studio 15
VisualStudioVersion = 15.0.26124.0
MinimumVisualStudioVersion = 15.0.26124.0
Project("{2150E333-8FDC-42A3-9474-1A3956D46DE8}") = "test", "test", "{727A8E73-AF5D-45E0-9730-D24E42AC292E}"
EndProject
Project("{9A19103F-16F7-4668-BE54-9A1E7A4F7556}") = "Assignment2Tests", "test\Assignment2Tests\Assignment2Tests.csproj", "{4D12F616-ECAB-4253-99F9-3FF635499F0B}"
EndProject
Project("{2150E333-8FDC-42A3-9474-1A3956D46DE8}") = "src", "src", "{BFB59B1E-F75E-4586-9138-0E05BD4CC82D}"
EndProject
Project("{9A19103F-16F7-4668-BE54-9A1E7A4F7556}") = "Assignment2", "src\Assignment2\Assignment2.csproj", "{B6E4DEDB-FDC9-45F7-B4E1-112DF3B2CDB2}"
EndProject
Global
	GlobalSection(SolutionConfigurationPlatforms) = preSolution
		Debug|Any CPU = Debug|Any CPU
		Debug|x64 = Debug|x64
		Debug|x86 = Debug|x86
		Release|Any CPU = Release|Any CPU
		Release|x64 = Release|x64
		Release|x86 = Release|x86
	EndGlobalSection
	GlobalSection(ProjectConfigurationPlatforms) = postSolution
		{4D12F616-ECAB-4253-99F9-3FF635499F0B}.Debug|Any CPU.ActiveCfg = Debug|Any CPU
		{4D12F616-ECAB-4253-99F9-3FF635499F0B}.Debug|Any CPU.Build.0 = Debug|Any CPU
		{4D12F616-ECAB-4253-99F9-3FF635499F0B}.Debug|x64.ActiveCfg = Debug|Any CPU
		{4D12F616-ECAB-4253-99F9-3FF635499F0B}.Debug|x64.Build.0 = Debug|Any CPU
		{4D12F616-ECAB-4253-99F9-3FF635499F0B}.Debug|x86.ActiveCfg = Debug|Any CPU
		{4D12F616-ECAB-4253-99F9-3FF635499F0B}.Debug|x86.Build.0 = Debug|Any CPU
		{4D12F616-ECAB-4253-99F9-3FF635499F0B}.Release|Any CPU.ActiveCfg = Release|Any CPU
		{4D12F616-ECAB-4253-99F9-3FF635499F0B}.Release|Any CPU.Build.0 = Release|Any CPU
		{4D12F616-ECAB-4253-99F9-3FF635499F0B}.Release|x64.ActiveCfg = Release|Any CPU
		{4D12F616-ECAB-4253-99F9-3FF635499F0B}.Release|x64.Build.0 = Release|Any CPU
		{4D12F616-ECAB-4253-99F9-3FF635499F0B}.Release|x86.ActiveCfg = Release|Any CPU
		{4D12F616-ECAB-4253-99F9-3FF635499F0B}.Release|x86.Build.0 = Release|Any CPU
		{B6E4DEDB-FDC9-45F7-B4E1-112DF3B2CDB2}.Debug|Any CPU.ActiveCfg = Debug|Any CPU
		{B6E4DEDB-FDC9-45F7-B4E1-112DF3B2CDB2}.Debug|Any CPU.Build.0 = Debug|Any CPU
		{B6E4DEDB-FDC9-45F7-B4E1-112DF3B2CDB2}.Debug|x64.ActiveCfg = Debug|Any CPU
		{B6E4DEDB-FDC9-45F7-B4E1-112DF3B2CDB2}.Debug|x64.Build.0 = Debug|Any CPU
		{B6E4DEDB-FDC9-45F7-B4E1-112DF3B2CDB2}.Debug|x86.ActiveCfg = Debug|Any CPU
		{B6E4DEDB-FDC9-45F7-B4E1-112DF3B2CDB2}.Debug|x86.Build.0 = Debug|Any CPU
		{B6E4DEDB-FDC9-45F7-B4E1-112DF3B2CDB2}.Release|Any CPU.ActiveCfg = Release|Any CPU
		{B6E4DEDB-FDC9-45F7-B4E1-112DF3B2CDB2}.Release|Any CPU.Build.0 = Release|Any CPU
		{B6E4DEDB-FDC9-45F7-B4E1-112DF3B2CDB2}.Release|x64.ActiveCfg = Release|Any CPU
		{B6E4DEDB-FDC9-45F7-B4E1-112DF3B2CDB2}.Release|x64.Build.0 = Release|Any CPU
		{B6E4DEDB-FDC9-45F7-B4E1-112DF3B2CDB2}.Release|x86.ActiveCfg = Release|Any CPU
		{B6E4DEDB-FDC9-45F7-B4E1-112DF3B2CDB2}.Release|x86.Build.0 = Release|Any CPU
	EndGlobalSection
	GlobalSection(SolutionProperties) = preSolution
		HideSolutionNode = FALSE
	EndGlobalSection
	GlobalSection(NestedProjects) = preSolution
		{4D12F616-ECAB-4253-99F9-3FF635499F0B} = {727A8E73-AF5D-45E0-9730-D24E42AC292E}
		{B6E4DEDB-FDC9-45F7-B4E1-112DF3B2CDB2} = {BFB59B1E-F75E-4586-9138-0E05BD4CC82D}
	EndGlobalSection
	GlobalSection(ExtensibilityGlobals) = postSolution
		SolutionGuid = {78614043-4C27-467C-81D2-0022ADA6B2D5}
	EndGlobalSection
EndGlobal
