
Microsoft Visual Studio Solution File, Format Version 12.00
# Visual Studio 15
VisualStudioVersion = 15.0.26730.16
MinimumVisualStudioVersion = 10.0.40219.1
Project("{FAE04EC0-301F-11D3-BF4B-00C04F79EFBC}") = "UniversityCourse", "UniversityCourse\UniversityCourse.csproj", "{702D314F-1E9C-4148-A644-385F0FC77C44}"
EndProject
Project("{FAE04EC0-301F-11D3-BF4B-00C04F79EFBC}") = "UniversityCourse.Tests", "UniversityCourse.Tests\UniversityCourse.Tests.csproj", "{BCF767C5-3F8F-4DF8-BCCF-36B555FF05A6}"
EndProject
Global
	GlobalSection(SolutionConfigurationPlatforms) = preSolution
		Debug|Any CPU = Debug|Any CPU
		Release|Any CPU = Release|Any CPU
	EndGlobalSection
	GlobalSection(ProjectConfigurationPlatforms) = postSolution
		{702D314F-1E9C-4148-A644-385F0FC77C44}.Debug|Any CPU.ActiveCfg = Debug|Any CPU
		{702D314F-1E9C-4148-A644-385F0FC77C44}.Debug|Any CPU.Build.0 = Debug|Any CPU
		{702D314F-1E9C-4148-A644-385F0FC77C44}.Release|Any CPU.ActiveCfg = Release|Any CPU
		{702D314F-1E9C-4148-A644-385F0FC77C44}.Release|Any CPU.Build.0 = Release|Any CPU
		{BCF767C5-3F8F-4DF8-BCCF-36B555FF05A6}.Debug|Any CPU.ActiveCfg = Debug|Any CPU
		{BCF767C5-3F8F-4DF8-BCCF-36B555FF05A6}.Debug|Any CPU.Build.0 = Debug|Any CPU
		{BCF767C5-3F8F-4DF8-BCCF-36B555FF05A6}.Release|Any CPU.ActiveCfg = Release|Any CPU
		{BCF767C5-3F8F-4DF8-BCCF-36B555FF05A6}.Release|Any CPU.Build.0 = Release|Any CPU
	EndGlobalSection
	GlobalSection(SolutionProperties) = preSolution
		HideSolutionNode = FALSE
	EndGlobalSection
	GlobalSection(ExtensibilityGlobals) = postSolution
		SolutionGuid = {6BCC0D09-1862-48CB-9BE0-95A862103F65}
	EndGlobalSection
EndGlobal
