
Microsoft Visual Studio Solution File, Format Version 12.00
# Visual Studio 15
VisualStudioVersion = 15.0.28010.2041
MinimumVisualStudioVersion = 10.0.40219.1
Project("{9A19103F-16F7-4668-BE54-9A1E7A4F7556}") = "HW7", "HW7\HW7.csproj", "{B5CBBBC3-AC8E-44F8-BB1F-CE44884E81ED}"
EndProject
Project("{FAE04EC0-301F-11D3-BF4B-00C04F79EFBC}") = "NotNullableTests", "NotNullableTests\NotNullableTests.csproj", "{A94A39D1-5020-4F52-8B53-47790DF42738}"
EndProject
Global
	GlobalSection(SolutionConfigurationPlatforms) = preSolution
		Debug|Any CPU = Debug|Any CPU
		Release|Any CPU = Release|Any CPU
	EndGlobalSection
	GlobalSection(ProjectConfigurationPlatforms) = postSolution
		{B5CBBBC3-AC8E-44F8-BB1F-CE44884E81ED}.Debug|Any CPU.ActiveCfg = Debug|Any CPU
		{B5CBBBC3-AC8E-44F8-BB1F-CE44884E81ED}.Debug|Any CPU.Build.0 = Debug|Any CPU
		{B5CBBBC3-AC8E-44F8-BB1F-CE44884E81ED}.Release|Any CPU.ActiveCfg = Release|Any CPU
		{B5CBBBC3-AC8E-44F8-BB1F-CE44884E81ED}.Release|Any CPU.Build.0 = Release|Any CPU
		{A94A39D1-5020-4F52-8B53-47790DF42738}.Debug|Any CPU.ActiveCfg = Debug|Any CPU
		{A94A39D1-5020-4F52-8B53-47790DF42738}.Debug|Any CPU.Build.0 = Debug|Any CPU
		{A94A39D1-5020-4F52-8B53-47790DF42738}.Release|Any CPU.ActiveCfg = Release|Any CPU
		{A94A39D1-5020-4F52-8B53-47790DF42738}.Release|Any CPU.Build.0 = Release|Any CPU
	EndGlobalSection
	GlobalSection(SolutionProperties) = preSolution
		HideSolutionNode = FALSE
	EndGlobalSection
	GlobalSection(ExtensibilityGlobals) = postSolution
		SolutionGuid = {6C9F40D4-0AAB-4737-A0AE-06B3109B64AD}
	EndGlobalSection
EndGlobal
