
Microsoft Visual Studio Solution File, Format Version 12.00
Project("{FAE04EC0-301F-11D3-BF4B-00C04F79EFBC}") = "RockPaperScissors", "RockPaperScissors\RockPaperScissors.csproj", "{9B44C5C0-051C-4C76-A789-3E5EA98D782D}"
EndProject
Project("{FAE04EC0-301F-11D3-BF4B-00C04F79EFBC}") = "RockPaperScissorsTest", "RockPaperScissorsTest\RockPaperScissorsTest.csproj", "{7C3FB403-C5A7-4BB4-823A-036928C8B932}"
EndProject
Global
	GlobalSection(SolutionConfigurationPlatforms) = preSolution
		Debug|Any CPU = Debug|Any CPU
		Release|Any CPU = Release|Any CPU
	EndGlobalSection
	GlobalSection(ProjectConfigurationPlatforms) = postSolution
		{9B44C5C0-051C-4C76-A789-3E5EA98D782D}.Debug|Any CPU.ActiveCfg = Debug|Any CPU
		{9B44C5C0-051C-4C76-A789-3E5EA98D782D}.Debug|Any CPU.Build.0 = Debug|Any CPU
		{9B44C5C0-051C-4C76-A789-3E5EA98D782D}.Release|Any CPU.ActiveCfg = Release|Any CPU
		{9B44C5C0-051C-4C76-A789-3E5EA98D782D}.Release|Any CPU.Build.0 = Release|Any CPU
		{7C3FB403-C5A7-4BB4-823A-036928C8B932}.Debug|Any CPU.ActiveCfg = Debug|Any CPU
		{7C3FB403-C5A7-4BB4-823A-036928C8B932}.Debug|Any CPU.Build.0 = Debug|Any CPU
		{7C3FB403-C5A7-4BB4-823A-036928C8B932}.Release|Any CPU.ActiveCfg = Release|Any CPU
		{7C3FB403-C5A7-4BB4-823A-036928C8B932}.Release|Any CPU.Build.0 = Release|Any CPU
	EndGlobalSection
EndGlobal
