
Microsoft Visual Studio Solution File, Format Version 12.00
# Visual Studio 15
VisualStudioVersion = 15.0.26124.0
MinimumVisualStudioVersion = 15.0.26124.0
Project("{FAE04EC0-301F-11D3-BF4B-00C04F79EFBC}") = "src", "src\src.csproj", "{AA141146-1D85-48DA-BC61-5F71E9663F8D}"
EndProject
Project("{FAE04EC0-301F-11D3-BF4B-00C04F79EFBC}") = "tests", "tests\tests.csproj", "{5A99AE5B-76EB-4EEB-BB64-D7F8B5D89756}"
EndProject
Global
	GlobalSection(SolutionConfigurationPlatforms) = preSolution
		Debug|Any CPU = Debug|Any CPU
		Debug|x64 = Debug|x64
		Debug|x86 = Debug|x86
		Release|Any CPU = Release|Any CPU
		Release|x64 = Release|x64
		Release|x86 = Release|x86
	EndGlobalSection
	GlobalSection(SolutionProperties) = preSolution
		HideSolutionNode = FALSE
	EndGlobalSection
	GlobalSection(ProjectConfigurationPlatforms) = postSolution
		{AA141146-1D85-48DA-BC61-5F71E9663F8D}.Debug|Any CPU.ActiveCfg = Debug|Any CPU
		{AA141146-1D85-48DA-BC61-5F71E9663F8D}.Debug|Any CPU.Build.0 = Debug|Any CPU
		{AA141146-1D85-48DA-BC61-5F71E9663F8D}.Debug|x64.ActiveCfg = Debug|Any CPU
		{AA141146-1D85-48DA-BC61-5F71E9663F8D}.Debug|x64.Build.0 = Debug|Any CPU
		{AA141146-1D85-48DA-BC61-5F71E9663F8D}.Debug|x86.ActiveCfg = Debug|Any CPU
		{AA141146-1D85-48DA-BC61-5F71E9663F8D}.Debug|x86.Build.0 = Debug|Any CPU
		{AA141146-1D85-48DA-BC61-5F71E9663F8D}.Release|Any CPU.ActiveCfg = Release|Any CPU
		{AA141146-1D85-48DA-BC61-5F71E9663F8D}.Release|Any CPU.Build.0 = Release|Any CPU
		{AA141146-1D85-48DA-BC61-5F71E9663F8D}.Release|x64.ActiveCfg = Release|Any CPU
		{AA141146-1D85-48DA-BC61-5F71E9663F8D}.Release|x64.Build.0 = Release|Any CPU
		{AA141146-1D85-48DA-BC61-5F71E9663F8D}.Release|x86.ActiveCfg = Release|Any CPU
		{AA141146-1D85-48DA-BC61-5F71E9663F8D}.Release|x86.Build.0 = Release|Any CPU
		{5A99AE5B-76EB-4EEB-BB64-D7F8B5D89756}.Debug|Any CPU.ActiveCfg = Debug|Any CPU
		{5A99AE5B-76EB-4EEB-BB64-D7F8B5D89756}.Debug|Any CPU.Build.0 = Debug|Any CPU
		{5A99AE5B-76EB-4EEB-BB64-D7F8B5D89756}.Debug|x64.ActiveCfg = Debug|Any CPU
		{5A99AE5B-76EB-4EEB-BB64-D7F8B5D89756}.Debug|x64.Build.0 = Debug|Any CPU
		{5A99AE5B-76EB-4EEB-BB64-D7F8B5D89756}.Debug|x86.ActiveCfg = Debug|Any CPU
		{5A99AE5B-76EB-4EEB-BB64-D7F8B5D89756}.Debug|x86.Build.0 = Debug|Any CPU
		{5A99AE5B-76EB-4EEB-BB64-D7F8B5D89756}.Release|Any CPU.ActiveCfg = Release|Any CPU
		{5A99AE5B-76EB-4EEB-BB64-D7F8B5D89756}.Release|Any CPU.Build.0 = Release|Any CPU
		{5A99AE5B-76EB-4EEB-BB64-D7F8B5D89756}.Release|x64.ActiveCfg = Release|Any CPU
		{5A99AE5B-76EB-4EEB-BB64-D7F8B5D89756}.Release|x64.Build.0 = Release|Any CPU
		{5A99AE5B-76EB-4EEB-BB64-D7F8B5D89756}.Release|x86.ActiveCfg = Release|Any CPU
		{5A99AE5B-76EB-4EEB-BB64-D7F8B5D89756}.Release|x86.Build.0 = Release|Any CPU
	EndGlobalSection
EndGlobal
